<?xml version="1.0" encoding="utf-8"?>
<Project ToolsVersion="4.0" xmlns="http://schemas.microsoft.com/developer/msbuild/2003">
  <ItemGroup>
    <Filter Include="资源文件">
      <UniqueIdentifier>{67DA6AB6-F800-4c08-8B7A-83BB121AAD01}</UniqueIdentifier>
      <Extensions>rc;ico;cur;bmp;dlg;rc2;rct;bin;rgs;gif;jpg;jpeg;jpe;resx;tiff;tif;png;wav;mfcribbon-ms</Extensions>
    </Filter>
    <Filter Include="src">
      <UniqueIdentifier>{f9ae29c6-2d72-4a48-a172-1e4956c54ed8}</UniqueIdentifier>
    </Filter>
    <Filter Include="src\index">
      <UniqueIdentifier>{e007d8b6-560a-4070-8c33-68068dbd769e}</UniqueIdentifier>
    </Filter>
    <Filter Include="src\datafield">
      <UniqueIdentifier>{fa6d43dd-65ee-4a46-9213-885652f49783}</UniqueIdentifier>
    </Filter>
    <Filter Include="src\bufferpool">
      <UniqueIdentifier>{1a3b2e06-6636-4e56-89ad-5c60b7d4db76}</UniqueIdentifier>
    </Filter>
    <Filter Include="src\cache">
      <UniqueIdentifier>{e67481cd-ae7e-4b05-b0e2-e11697846634}</UniqueIdentifier>
    </Filter>
    <Filter Include="src\transaction">
      <UniqueIdentifier>{ee041a41-9611-44ee-b510-53f8b30367a5}</UniqueIdentifier>
    </Filter>
    <Filter Include="src\mvcc">
      <UniqueIdentifier>{1935dacc-d652-4c16-aa38-3e29ccec60c6}</UniqueIdentifier>
    </Filter>
    <Filter Include="src\mvcc\versionchain">
      <UniqueIdentifier>{3b973791-91b4-4d79-96d5-6df7a39bf245}</UniqueIdentifier>
    </Filter>
    <Filter Include="document">
      <UniqueIdentifier>{e0b6a925-810f-48ab-be32-e802cd1dbe28}</UniqueIdentifier>
    </Filter>
    <Filter Include="src\parser">
      <UniqueIdentifier>{d2aa3d53-8127-45cc-b104-cf0a399fe018}</UniqueIdentifier>
    </Filter>
  </ItemGroup>
  <ItemGroup>
    <None Include="..\.gitignore">
      <Filter>资源文件</Filter>
    </None>
  </ItemGroup>
  <ItemGroup>
    <ClCompile Include="..\src\main.cpp">
      <Filter>src</Filter>
    </ClCompile>
    <ClCompile Include="..\src\stdafx.cpp">
      <Filter>src</Filter>
    </ClCompile>
    <ClCompile Include="..\src\table.cpp">
      <Filter>src</Filter>
    </ClCompile>
    <ClCompile Include="..\src\util.cpp">
      <Filter>src</Filter>
    </ClCompile>
    <ClCompile Include="..\src\index\memory_rbtree.cpp">
      <Filter>src\index</Filter>
    </ClCompile>
    <ClCompile Include="..\src\datafield\integer_field.cpp">
      <Filter>src\datafield</Filter>
    </ClCompile>
    <ClCompile Include="..\src\datafield\srv_datafield.cpp">
      <Filter>src\datafield</Filter>
    </ClCompile>
    <ClCompile Include="..\src\presistence.cpp">
      <Filter>src</Filter>
    </ClCompile>
    <ClCompile Include="..\src\datafield\string_field.cpp">
      <Filter>src\datafield</Filter>
    </ClCompile>
    <ClCompile Include="..\src\datafield\double_field.cpp">
      <Filter>src\datafield</Filter>
    </ClCompile>
    <ClCompile Include="..\src\datafield\float_field.cpp">
      <Filter>src\datafield</Filter>
    </ClCompile>
    <ClCompile Include="..\src\bufferpool\main_buffer_pool.cpp">
      <Filter>src\bufferpool</Filter>
    </ClCompile>
    <ClCompile Include="..\src\cache\main_cache.cpp">
      <Filter>src\cache</Filter>
    </ClCompile>
    <ClCompile Include="..\src\transaction\transaction_mgr.cpp">
      <Filter>src\transaction</Filter>
    </ClCompile>
    <ClCompile Include="..\src\transaction\transaction_obj.cpp">
      <Filter>src\transaction</Filter>
    </ClCompile>
    <ClCompile Include="..\src\global.cpp">
      <Filter>src</Filter>
    </ClCompile>
    <ClCompile Include="..\src\mvcc\versionchain\main_version_chain.cpp">
      <Filter>src\mvcc\versionchain</Filter>
    </ClCompile>
    <ClCompile Include="..\src\api.cpp">
      <Filter>src</Filter>
    </ClCompile>
    <ClCompile Include="..\src\parser\api_cmd_parser.cpp">
      <Filter>src\parser</Filter>
    </ClCompile>
    <ClCompile Include="..\src\server.cpp">
      <Filter>src</Filter>
    </ClCompile>
  </ItemGroup>
  <ItemGroup>
    <ClInclude Include="..\src\stdafx.h">
      <Filter>src</Filter>
    </ClInclude>
    <ClInclude Include="..\src\table.h">
      <Filter>src</Filter>
    </ClInclude>
    <ClInclude Include="..\src\util.h">
      <Filter>src</Filter>
    </ClInclude>
    <ClInclude Include="..\src\index\i_index.h">
      <Filter>src\index</Filter>
    </ClInclude>
    <ClInclude Include="..\src\index\memory_rbtree.h">
      <Filter>src\index</Filter>
    </ClInclude>
    <ClInclude Include="..\src\datafield\i_data_field.h">
      <Filter>src\datafield</Filter>
    </ClInclude>
    <ClInclude Include="..\src\datafield\integer_field.h">
      <Filter>src\datafield</Filter>
    </ClInclude>
    <ClInclude Include="..\src\datafield\srv_datafield.h">
      <Filter>src\datafield</Filter>
    </ClInclude>
    <ClInclude Include="..\src\presistence.h">
      <Filter>src</Filter>
    </ClInclude>
    <ClInclude Include="..\src\datafield\string_field.h">
      <Filter>src\datafield</Filter>
    </ClInclude>
    <ClInclude Include="..\src\datafield\double_field.h">
      <Filter>src\datafield</Filter>
    </ClInclude>
    <ClInclude Include="..\src\datafield\float_field.h">
      <Filter>src\datafield</Filter>
    </ClInclude>
    <ClInclude Include="..\src\bufferpool\i_buffer_pool.h">
      <Filter>src\bufferpool</Filter>
    </ClInclude>
    <ClInclude Include="..\src\bufferpool\main_buffer_pool.h">
      <Filter>src\bufferpool</Filter>
    </ClInclude>
    <ClInclude Include="..\src\cache\i_cache.h">
      <Filter>src\cache</Filter>
    </ClInclude>
    <ClInclude Include="..\src\cache\main_cache.h">
      <Filter>src\cache</Filter>
    </ClInclude>
    <ClInclude Include="..\src\transaction\transaction_mgr.h">
      <Filter>src\transaction</Filter>
    </ClInclude>
    <ClInclude Include="..\src\transaction\transaction_obj.h">
      <Filter>src\transaction</Filter>
    </ClInclude>
    <ClInclude Include="..\src\global.h">
      <Filter>src</Filter>
    </ClInclude>
    <ClInclude Include="..\src\mvcc\versionchain\i_version_chain.h">
      <Filter>src\mvcc\versionchain</Filter>
    </ClInclude>
    <ClInclude Include="..\src\mvcc\versionchain\main_version_chain.h">
      <Filter>src\mvcc\versionchain</Filter>
    </ClInclude>
    <ClInclude Include="..\src\api.h">
      <Filter>src</Filter>
    </ClInclude>
    <ClInclude Include="..\src\parser\api_cmd_parser.h">
      <Filter>src\parser</Filter>
    </ClInclude>
    <ClInclude Include="..\src\server.h">
      <Filter>src</Filter>
    </ClInclude>
  </ItemGroup>
  <ItemGroup>
    <Text Include="..\document\apiCmdStd.txt">
      <Filter>document</Filter>
    </Text>
  </ItemGroup>
</Project>